{
    "version": 3,
    "terraform_version": "0.7.3",
    "serial": 14,
    "lineage": "7cbf50af-5876-4431-a791-26ff08769aa4",
    "modules": [
        {
            "path": [
                "root"
            ],
            "outputs": {
                "microservice_cidr": {
                    "sensitive": false,
                    "type": "string",
                    "value": "10.200.50.0/23"
                }
            },
            "resources": {
                "aws_autoscaling_group.ecs": {
                    "type": "aws_autoscaling_group",
                    "depends_on": [
                        "aws_elb.microservice_public",
                        "aws_launch_configuration.ecs",
                        "aws_subnet.microservice_privatesubnet",
                        "aws_subnet.microservice_privatesubnet"
                    ],
                    "primary": {
                        "id": "magnify-microservice",
                        "attributes": {
                            "arn": "arn:aws:autoscaling:us-east-1:510238803045:autoScalingGroup:5c1918ed-c43b-494b-a8d1-6dfb1350d4f6:autoScalingGroupName/magnify-microservice",
                            "availability_zones.#": "2",
                            "availability_zones.1305112097": "us-east-1b",
                            "availability_zones.986537655": "us-east-1c",
                            "default_cooldown": "300",
                            "desired_capacity": "2",
                            "force_delete": "false",
                            "health_check_grace_period": "300",
                            "health_check_type": "EC2",
                            "id": "magnify-microservice",
                            "launch_configuration": "magnify-ecs",
                            "load_balancers.#": "1",
                            "load_balancers.4061738778": "magnify-public",
                            "max_size": "3",
                            "metrics_granularity": "1Minute",
                            "min_size": "2",
                            "name": "magnify-microservice",
                            "placement_group": "",
                            "protect_from_scale_in": "false",
                            "tag.#": "1",
                            "tag.2712697348.key": "Name",
                            "tag.2712697348.propagate_at_launch": "true",
                            "tag.2712697348.value": "magnify",
                            "target_group_arns.#": "0",
                            "termination_policies.#": "0",
                            "vpc_zone_identifier.#": "2",
                            "vpc_zone_identifier.3542841711": "subnet-da24d0f7",
                            "vpc_zone_identifier.4034344436": "subnet-1513b75c",
                            "wait_for_capacity_timeout": "10m"
                        },
                        "meta": {},
                        "tainted": false
                    },
                    "deposed": [],
                    "provider": ""
                },
                "aws_ecs_cluster.microservice": {
                    "type": "aws_ecs_cluster",
                    "depends_on": [],
                    "primary": {
                        "id": "arn:aws:ecs:us-east-1:510238803045:cluster/magnify",
                        "attributes": {
                            "id": "arn:aws:ecs:us-east-1:510238803045:cluster/magnify",
                            "name": "magnify"
                        },
                        "meta": {},
                        "tainted": false
                    },
                    "deposed": [],
                    "provider": ""
                },
                "aws_ecs_service.service": {
                    "type": "aws_ecs_service",
                    "depends_on": [
                        "aws_ecs_cluster.microservice",
                        "aws_ecs_task_definition.task",
                        "aws_elb.microservice_public",
                        "aws_iam_role.ecs_service"
                    ],
                    "primary": {
                        "id": "arn:aws:ecs:us-east-1:510238803045:service/magnify",
                        "attributes": {
                            "cluster": "magnify",
                            "deployment_maximum_percent": "200",
                            "deployment_minimum_healthy_percent": "100",
                            "desired_count": "2",
                            "iam_role": "arn:aws:iam::510238803045:role/ecs_service",
                            "id": "arn:aws:ecs:us-east-1:510238803045:service/magnify",
                            "load_balancer.#": "1",
                            "load_balancer.4151321170.container_name": "magnify",
                            "load_balancer.4151321170.container_port": "80",
                            "load_balancer.4151321170.elb_name": "magnify-public",
                            "load_balancer.4151321170.target_group_arn": "",
                            "name": "magnify",
                            "task_definition": "arn:aws:ecs:us-east-1:510238803045:task-definition/magnify:4"
                        },
                        "meta": {},
                        "tainted": false
                    },
                    "deposed": [],
                    "provider": ""
                },
                "aws_ecs_task_definition.task": {
                    "type": "aws_ecs_task_definition",
                    "depends_on": [],
                    "primary": {
                        "id": "magnify",
                        "attributes": {
                            "arn": "arn:aws:ecs:us-east-1:510238803045:task-definition/magnify:4",
                            "container_definitions": "479b0ad0686d140720a42152ad7e0320a2bfe505",
                            "family": "magnify",
                            "id": "magnify",
                            "network_mode": "",
                            "revision": "4",
                            "task_role_arn": ""
                        },
                        "meta": {},
                        "tainted": false
                    },
                    "deposed": [],
                    "provider": ""
                },
                "aws_eip.nat1_ip": {
                    "type": "aws_eip",
                    "depends_on": [
                        "aws_instance.microservice_nat",
                        "aws_instance.microservice_nat"
                    ],
                    "primary": {
                        "id": "eipalloc-0ba0c834",
                        "attributes": {
                            "association_id": "eipassoc-dfd87fe3",
                            "domain": "vpc",
                            "id": "eipalloc-0ba0c834",
                            "instance": "i-73abe942",
                            "network_interface": "eni-bfbc5cad",
                            "private_ip": "10.200.50.96",
                            "public_ip": "52.45.153.217",
                            "vpc": "true"
                        },
                        "meta": {},
                        "tainted": false
                    },
                    "deposed": [],
                    "provider": ""
                },
                "aws_elb.microservice_public": {
                    "type": "aws_elb",
                    "depends_on": [
                        "aws_security_group.microservice-elb",
                        "aws_subnet.microservice_publicsubnet",
                        "aws_subnet.microservice_publicsubnet"
                    ],
                    "primary": {
                        "id": "magnify-public",
                        "attributes": {
                            "access_logs.#": "0",
                            "availability_zones.#": "2",
                            "availability_zones.1305112097": "us-east-1b",
                            "availability_zones.986537655": "us-east-1c",
                            "connection_draining": "true",
                            "connection_draining_timeout": "400",
                            "cross_zone_load_balancing": "true",
                            "dns_name": "magnify-public-2135140642.us-east-1.elb.amazonaws.com",
                            "health_check.#": "1",
                            "health_check.0.healthy_threshold": "2",
                            "health_check.0.interval": "30",
                            "health_check.0.target": "TCP:80",
                            "health_check.0.timeout": "3",
                            "health_check.0.unhealthy_threshold": "2",
                            "id": "magnify-public",
                            "idle_timeout": "400",
                            "instances.#": "0",
                            "internal": "false",
                            "listener.#": "1",
                            "listener.3057123346.instance_port": "80",
                            "listener.3057123346.instance_protocol": "http",
                            "listener.3057123346.lb_port": "80",
                            "listener.3057123346.lb_protocol": "http",
                            "listener.3057123346.ssl_certificate_id": "",
                            "name": "magnify-public",
                            "security_groups.#": "1",
                            "security_groups.3021976184": "sg-161f696c",
                            "source_security_group": "510238803045/microservice-elb",
                            "source_security_group_id": "sg-161f696c",
                            "subnets.#": "2",
                            "subnets.1121401836": "subnet-1213b75b",
                            "subnets.2483988826": "subnet-d524d0f8",
                            "tags.%": "1",
                            "tags.Name": "magnify-public",
                            "zone_id": "Z35SXDOTRQ7X7K"
                        },
                        "meta": {},
                        "tainted": false
                    },
                    "deposed": [],
                    "provider": ""
                },
                "aws_iam_instance_profile.ecs_instance": {
                    "type": "aws_iam_instance_profile",
                    "depends_on": [
                        "aws_iam_role.ecs_instance"
                    ],
                    "primary": {
                        "id": "ecs_instance",
                        "attributes": {
                            "arn": "arn:aws:iam::510238803045:instance-profile/ecs_instance",
                            "id": "ecs_instance",
                            "name": "ecs_instance",
                            "path": "/",
                            "roles.#": "1",
                            "roles.2509632453": "ecs_instance"
                        },
                        "meta": {},
                        "tainted": false
                    },
                    "deposed": [],
                    "provider": ""
                },
                "aws_iam_role.ecs_instance": {
                    "type": "aws_iam_role",
                    "depends_on": [],
                    "primary": {
                        "id": "ecs_instance",
                        "attributes": {
                            "arn": "arn:aws:iam::510238803045:role/ecs_instance",
                            "assume_role_policy": "{\n  \"Version\": \"2008-10-17\",\n  \"Statement\": [\n    {\n      \"Sid\": \"\",\n      \"Effect\": \"Allow\",\n      \"Principal\": {\n        \"Service\": \"ec2.amazonaws.com\"\n      },\n      \"Action\": \"sts:AssumeRole\"\n    }\n  ]\n}\n",
                            "id": "ecs_instance",
                            "name": "ecs_instance",
                            "path": "/",
                            "unique_id": "AROAJ7NMXFHBAFANTT4NU"
                        },
                        "meta": {},
                        "tainted": false
                    },
                    "deposed": [],
                    "provider": ""
                },
                "aws_iam_role.ecs_service": {
                    "type": "aws_iam_role",
                    "depends_on": [],
                    "primary": {
                        "id": "ecs_service",
                        "attributes": {
                            "arn": "arn:aws:iam::510238803045:role/ecs_service",
                            "assume_role_policy": "{\n  \"Version\": \"2008-10-17\",\n  \"Statement\": [\n    {\n      \"Sid\": \"\",\n      \"Effect\": \"Allow\",\n      \"Principal\": {\n        \"Service\": \"ecs.amazonaws.com\"\n      },\n      \"Action\": \"sts:AssumeRole\"\n    }\n  ]\n}\n",
                            "id": "ecs_service",
                            "name": "ecs_service",
                            "path": "/",
                            "unique_id": "AROAJL66MFI7BCZO4DMQM"
                        },
                        "meta": {},
                        "tainted": false
                    },
                    "deposed": [],
                    "provider": ""
                },
                "aws_iam_role_policy.ecs_instance_policy": {
                    "type": "aws_iam_role_policy",
                    "depends_on": [
                        "aws_iam_role.ecs_instance"
                    ],
                    "primary": {
                        "id": "ecs_instance:test_policy",
                        "attributes": {
                            "id": "ecs_instance:test_policy",
                            "name": "test_policy",
                            "policy": "{\n \"Version\": \"2012-10-17\",\n \"Statement\": [\n   {\n     \"Effect\": \"Allow\",\n     \"Action\": [\n       \"ecs:CreateCluster\",\n       \"ecs:DeregisterContainerInstance\",\n       \"ecs:DiscoverPollEndpoint\",\n       \"ecs:Poll\",\n       \"ecs:RegisterContainerInstance\",\n       \"ecs:StartTelemetrySession\",\n       \"ecs:Submit*\",\n       \"ecr:GetAuthorizationToken\",\n       \"ecr:BatchCheckLayerAvailability\",\n       \"ecr:GetDownloadUrlForLayer\",\n       \"ecr:BatchGetImage\",\n       \"logs:CreateLogStream\",\n       \"logs:PutLogEvents\"\n     ],\n     \"Resource\": \"*\"\n   }\n ]\n}\n",
                            "role": "ecs_instance"
                        },
                        "meta": {},
                        "tainted": false
                    },
                    "deposed": [],
                    "provider": ""
                },
                "aws_iam_role_policy.ecs_service_policy": {
                    "type": "aws_iam_role_policy",
                    "depends_on": [
                        "aws_iam_role.ecs_service"
                    ],
                    "primary": {
                        "id": "ecs_service:test_policy",
                        "attributes": {
                            "id": "ecs_service:test_policy",
                            "name": "test_policy",
                            "policy": "{\n \"Version\": \"2012-10-17\",\n \"Statement\": [\n   {\n     \"Effect\": \"Allow\",\n     \"Action\": [\n       \"ec2:AuthorizeSecurityGroupIngress\",\n       \"ec2:Describe*\",\n       \"elasticloadbalancing:DeregisterInstancesFromLoadBalancer\",\n       \"elasticloadbalancing:DeregisterTargets\",\n       \"elasticloadbalancing:Describe*\",\n       \"elasticloadbalancing:RegisterInstancesWithLoadBalancer\",\n       \"elasticloadbalancing:RegisterTargets\"\n     ],\n     \"Resource\": \"*\"\n   }\n ]\n}\n",
                            "role": "ecs_service"
                        },
                        "meta": {},
                        "tainted": false
                    },
                    "deposed": [],
                    "provider": ""
                },
                "aws_instance.microservice_nat": {
                    "type": "aws_instance",
                    "depends_on": [
                        "aws_security_group.microservice_nat_sg",
                        "aws_subnet.microservice_publicsubnet"
                    ],
                    "primary": {
                        "id": "i-73abe942",
                        "attributes": {
                            "ami": "ami-311a1a5b",
                            "availability_zone": "us-east-1b",
                            "disable_api_termination": "false",
                            "ebs_block_device.#": "0",
                            "ebs_optimized": "false",
                            "ephemeral_block_device.#": "0",
                            "iam_instance_profile": "",
                            "id": "i-73abe942",
                            "instance_state": "running",
                            "instance_type": "t2.micro",
                            "key_name": "ecstest",
                            "monitoring": "true",
                            "network_interface_id": "eni-bfbc5cad",
                            "private_dns": "ip-10-200-50-96.ec2.internal",
                            "private_ip": "10.200.50.96",
                            "public_dns": "",
                            "public_ip": "",
                            "root_block_device.#": "1",
                            "root_block_device.0.delete_on_termination": "true",
                            "root_block_device.0.iops": "0",
                            "root_block_device.0.volume_size": "8",
                            "root_block_device.0.volume_type": "standard",
                            "security_groups.#": "0",
                            "source_dest_check": "false",
                            "subnet_id": "subnet-d524d0f8",
                            "tags.%": "1",
                            "tags.Name": "nat01.magnify",
                            "tenancy": "default",
                            "vpc_security_group_ids.#": "1",
                            "vpc_security_group_ids.1838753077": "sg-131f6969"
                        },
                        "meta": {
                            "schema_version": "1"
                        },
                        "tainted": false
                    },
                    "deposed": [],
                    "provider": ""
                },
                "aws_internet_gateway.microservice_igw": {
                    "type": "aws_internet_gateway",
                    "depends_on": [
                        "aws_vpc.microservice_vpc"
                    ],
                    "primary": {
                        "id": "igw-a42ac0c3",
                        "attributes": {
                            "id": "igw-a42ac0c3",
                            "tags.%": "1",
                            "tags.Name": "magnify-igw",
                            "vpc_id": "vpc-74290c13"
                        },
                        "meta": {},
                        "tainted": false
                    },
                    "deposed": [],
                    "provider": ""
                },
                "aws_launch_configuration.ecs": {
                    "type": "aws_launch_configuration",
                    "depends_on": [
                        "aws_ecs_cluster.microservice",
                        "aws_iam_instance_profile.ecs_instance",
                        "aws_security_group.microservice_ecs"
                    ],
                    "primary": {
                        "id": "magnify-ecs",
                        "attributes": {
                            "associate_public_ip_address": "false",
                            "ebs_block_device.#": "0",
                            "ebs_optimized": "false",
                            "enable_monitoring": "true",
                            "ephemeral_block_device.#": "0",
                            "iam_instance_profile": "ecs_instance",
                            "id": "magnify-ecs",
                            "image_id": "ami-3d55272a",
                            "instance_type": "t2.medium",
                            "key_name": "ecstest",
                            "name": "magnify-ecs",
                            "root_block_device.#": "0",
                            "security_groups.#": "1",
                            "security_groups.113228896": "sg-111f696b",
                            "spot_price": "",
                            "user_data": "04ad8779f8a71caeb110132df124fe2056843e87",
                            "vpc_classic_link_id": "",
                            "vpc_classic_link_security_groups.#": "0"
                        },
                        "meta": {},
                        "tainted": false
                    },
                    "deposed": [],
                    "provider": ""
                },
                "aws_network_acl.location-private": {
                    "type": "aws_network_acl",
                    "depends_on": [
                        "aws_subnet.microservice_privatesubnet",
                        "aws_subnet.microservice_privatesubnet",
                        "aws_vpc.microservice_vpc"
                    ],
                    "primary": {
                        "id": "acl-f34f5c94",
                        "attributes": {
                            "egress.#": "1",
                            "egress.296684381.action": "allow",
                            "egress.296684381.cidr_block": "0.0.0.0/0",
                            "egress.296684381.from_port": "0",
                            "egress.296684381.icmp_code": "0",
                            "egress.296684381.icmp_type": "0",
                            "egress.296684381.protocol": "-1",
                            "egress.296684381.rule_no": "100",
                            "egress.296684381.to_port": "0",
                            "id": "acl-f34f5c94",
                            "ingress.#": "1",
                            "ingress.2008561493.action": "allow",
                            "ingress.2008561493.cidr_block": "0.0.0.0/0",
                            "ingress.2008561493.from_port": "0",
                            "ingress.2008561493.icmp_code": "0",
                            "ingress.2008561493.icmp_type": "0",
                            "ingress.2008561493.protocol": "-1",
                            "ingress.2008561493.rule_no": "1",
                            "ingress.2008561493.to_port": "0",
                            "subnet_ids.#": "2",
                            "subnet_ids.3542841711": "subnet-da24d0f7",
                            "subnet_ids.4034344436": "subnet-1513b75c",
                            "tags.%": "1",
                            "tags.Name": "location-private",
                            "vpc_id": "vpc-74290c13"
                        },
                        "meta": {},
                        "tainted": false
                    },
                    "deposed": [],
                    "provider": ""
                },
                "aws_route_table.microservice_privatertb": {
                    "type": "aws_route_table",
                    "depends_on": [
                        "aws_instance.microservice_nat",
                        "aws_vpc.microservice_vpc"
                    ],
                    "primary": {
                        "id": "rtb-3653eb50",
                        "attributes": {
                            "id": "rtb-3653eb50",
                            "propagating_vgws.#": "0",
                            "route.#": "1",
                            "route.3704538081.cidr_block": "0.0.0.0/0",
                            "route.3704538081.gateway_id": "",
                            "route.3704538081.instance_id": "i-73abe942",
                            "route.3704538081.nat_gateway_id": "",
                            "route.3704538081.network_interface_id": "eni-bfbc5cad",
                            "route.3704538081.vpc_peering_connection_id": "",
                            "tags.%": "1",
                            "tags.Name": "magnify-privatertb",
                            "vpc_id": "vpc-74290c13"
                        },
                        "meta": {},
                        "tainted": false
                    },
                    "deposed": [],
                    "provider": ""
                },
                "aws_route_table.microservice_publicrtb": {
                    "type": "aws_route_table",
                    "depends_on": [
                        "aws_internet_gateway.microservice_igw",
                        "aws_vpc.microservice_vpc"
                    ],
                    "primary": {
                        "id": "rtb-9352eaf5",
                        "attributes": {
                            "id": "rtb-9352eaf5",
                            "propagating_vgws.#": "0",
                            "route.#": "1",
                            "route.1434400165.cidr_block": "0.0.0.0/0",
                            "route.1434400165.gateway_id": "igw-a42ac0c3",
                            "route.1434400165.instance_id": "",
                            "route.1434400165.nat_gateway_id": "",
                            "route.1434400165.network_interface_id": "",
                            "route.1434400165.vpc_peering_connection_id": "",
                            "tags.%": "1",
                            "tags.Name": "magnify-publicrtb",
                            "vpc_id": "vpc-74290c13"
                        },
                        "meta": {},
                        "tainted": false
                    },
                    "deposed": [],
                    "provider": ""
                },
                "aws_route_table_association.microservice_private_rtbassoc.0": {
                    "type": "aws_route_table_association",
                    "depends_on": [
                        "aws_route_table.microservice_privatertb",
                        "aws_subnet.microservice_privatesubnet"
                    ],
                    "primary": {
                        "id": "rtbassoc-477fd73e",
                        "attributes": {
                            "id": "rtbassoc-477fd73e",
                            "route_table_id": "rtb-3653eb50",
                            "subnet_id": "subnet-da24d0f7"
                        },
                        "meta": {},
                        "tainted": false
                    },
                    "deposed": [],
                    "provider": ""
                },
                "aws_route_table_association.microservice_private_rtbassoc.1": {
                    "type": "aws_route_table_association",
                    "depends_on": [
                        "aws_route_table.microservice_privatertb",
                        "aws_subnet.microservice_privatesubnet"
                    ],
                    "primary": {
                        "id": "rtbassoc-467fd73f",
                        "attributes": {
                            "id": "rtbassoc-467fd73f",
                            "route_table_id": "rtb-3653eb50",
                            "subnet_id": "subnet-1513b75c"
                        },
                        "meta": {},
                        "tainted": false
                    },
                    "deposed": [],
                    "provider": ""
                },
                "aws_route_table_association.microservice_public_rtbassoc.0": {
                    "type": "aws_route_table_association",
                    "depends_on": [
                        "aws_route_table.microservice_publicrtb",
                        "aws_subnet.microservice_publicsubnet"
                    ],
                    "primary": {
                        "id": "rtbassoc-b77ed6ce",
                        "attributes": {
                            "id": "rtbassoc-b77ed6ce",
                            "route_table_id": "rtb-9352eaf5",
                            "subnet_id": "subnet-d524d0f8"
                        },
                        "meta": {},
                        "tainted": false
                    },
                    "deposed": [],
                    "provider": ""
                },
                "aws_route_table_association.microservice_public_rtbassoc.1": {
                    "type": "aws_route_table_association",
                    "depends_on": [
                        "aws_route_table.microservice_publicrtb",
                        "aws_subnet.microservice_publicsubnet"
                    ],
                    "primary": {
                        "id": "rtbassoc-b47ed6cd",
                        "attributes": {
                            "id": "rtbassoc-b47ed6cd",
                            "route_table_id": "rtb-9352eaf5",
                            "subnet_id": "subnet-1213b75b"
                        },
                        "meta": {},
                        "tainted": false
                    },
                    "deposed": [],
                    "provider": ""
                },
                "aws_security_group.microservice-elb": {
                    "type": "aws_security_group",
                    "depends_on": [
                        "aws_vpc.microservice_vpc"
                    ],
                    "primary": {
                        "id": "sg-161f696c",
                        "attributes": {
                            "description": "microservice-elb",
                            "egress.#": "1",
                            "egress.482069346.cidr_blocks.#": "1",
                            "egress.482069346.cidr_blocks.0": "0.0.0.0/0",
                            "egress.482069346.from_port": "0",
                            "egress.482069346.prefix_list_ids.#": "0",
                            "egress.482069346.protocol": "-1",
                            "egress.482069346.security_groups.#": "0",
                            "egress.482069346.self": "false",
                            "egress.482069346.to_port": "0",
                            "id": "sg-161f696c",
                            "ingress.#": "1",
                            "ingress.2214680975.cidr_blocks.#": "1",
                            "ingress.2214680975.cidr_blocks.0": "0.0.0.0/0",
                            "ingress.2214680975.from_port": "80",
                            "ingress.2214680975.protocol": "tcp",
                            "ingress.2214680975.security_groups.#": "0",
                            "ingress.2214680975.self": "false",
                            "ingress.2214680975.to_port": "80",
                            "name": "microservice-elb",
                            "owner_id": "510238803045",
                            "tags.%": "1",
                            "tags.Name": "microservice-elb-public",
                            "vpc_id": "vpc-74290c13"
                        },
                        "meta": {},
                        "tainted": false
                    },
                    "deposed": [],
                    "provider": ""
                },
                "aws_security_group.microservice_ecs": {
                    "type": "aws_security_group",
                    "depends_on": [
                        "aws_vpc.microservice_vpc"
                    ],
                    "primary": {
                        "id": "sg-111f696b",
                        "attributes": {
                            "description": "magnify-ecs",
                            "egress.#": "1",
                            "egress.482069346.cidr_blocks.#": "1",
                            "egress.482069346.cidr_blocks.0": "0.0.0.0/0",
                            "egress.482069346.from_port": "0",
                            "egress.482069346.prefix_list_ids.#": "0",
                            "egress.482069346.protocol": "-1",
                            "egress.482069346.security_groups.#": "0",
                            "egress.482069346.self": "false",
                            "egress.482069346.to_port": "0",
                            "id": "sg-111f696b",
                            "ingress.#": "2",
                            "ingress.1799340084.cidr_blocks.#": "1",
                            "ingress.1799340084.cidr_blocks.0": "0.0.0.0/0",
                            "ingress.1799340084.from_port": "-1",
                            "ingress.1799340084.protocol": "icmp",
                            "ingress.1799340084.security_groups.#": "0",
                            "ingress.1799340084.self": "false",
                            "ingress.1799340084.to_port": "-1",
                            "ingress.23082536.cidr_blocks.#": "1",
                            "ingress.23082536.cidr_blocks.0": "10.200.50.0/23",
                            "ingress.23082536.from_port": "0",
                            "ingress.23082536.protocol": "-1",
                            "ingress.23082536.security_groups.#": "0",
                            "ingress.23082536.self": "false",
                            "ingress.23082536.to_port": "0",
                            "name": "magnify-ecs",
                            "owner_id": "510238803045",
                            "tags.%": "1",
                            "tags.Name": "magnify-ecs_instance",
                            "vpc_id": "vpc-74290c13"
                        },
                        "meta": {},
                        "tainted": false
                    },
                    "deposed": [],
                    "provider": ""
                },
                "aws_security_group.microservice_internal_sg": {
                    "type": "aws_security_group",
                    "depends_on": [
                        "aws_vpc.microservice_vpc"
                    ],
                    "primary": {
                        "id": "sg-101f696a",
                        "attributes": {
                            "description": "magnify-internal",
                            "egress.#": "1",
                            "egress.482069346.cidr_blocks.#": "1",
                            "egress.482069346.cidr_blocks.0": "0.0.0.0/0",
                            "egress.482069346.from_port": "0",
                            "egress.482069346.prefix_list_ids.#": "0",
                            "egress.482069346.protocol": "-1",
                            "egress.482069346.security_groups.#": "0",
                            "egress.482069346.self": "false",
                            "egress.482069346.to_port": "0",
                            "id": "sg-101f696a",
                            "ingress.#": "3",
                            "ingress.1799340084.cidr_blocks.#": "1",
                            "ingress.1799340084.cidr_blocks.0": "0.0.0.0/0",
                            "ingress.1799340084.from_port": "-1",
                            "ingress.1799340084.protocol": "icmp",
                            "ingress.1799340084.security_groups.#": "0",
                            "ingress.1799340084.self": "false",
                            "ingress.1799340084.to_port": "-1",
                            "ingress.2214680975.cidr_blocks.#": "1",
                            "ingress.2214680975.cidr_blocks.0": "0.0.0.0/0",
                            "ingress.2214680975.from_port": "80",
                            "ingress.2214680975.protocol": "tcp",
                            "ingress.2214680975.security_groups.#": "0",
                            "ingress.2214680975.self": "false",
                            "ingress.2214680975.to_port": "80",
                            "ingress.2617001939.cidr_blocks.#": "1",
                            "ingress.2617001939.cidr_blocks.0": "0.0.0.0/0",
                            "ingress.2617001939.from_port": "443",
                            "ingress.2617001939.protocol": "tcp",
                            "ingress.2617001939.security_groups.#": "0",
                            "ingress.2617001939.self": "false",
                            "ingress.2617001939.to_port": "443",
                            "name": "magnify-internal",
                            "owner_id": "510238803045",
                            "tags.%": "1",
                            "tags.Name": "magnify-internal",
                            "vpc_id": "vpc-74290c13"
                        },
                        "meta": {},
                        "tainted": false
                    },
                    "deposed": [],
                    "provider": ""
                },
                "aws_security_group.microservice_nat_sg": {
                    "type": "aws_security_group",
                    "depends_on": [
                        "aws_vpc.microservice_vpc"
                    ],
                    "primary": {
                        "id": "sg-131f6969",
                        "attributes": {
                            "description": "magnify-nat",
                            "egress.#": "1",
                            "egress.482069346.cidr_blocks.#": "1",
                            "egress.482069346.cidr_blocks.0": "0.0.0.0/0",
                            "egress.482069346.from_port": "0",
                            "egress.482069346.prefix_list_ids.#": "0",
                            "egress.482069346.protocol": "-1",
                            "egress.482069346.security_groups.#": "0",
                            "egress.482069346.self": "false",
                            "egress.482069346.to_port": "0",
                            "id": "sg-131f6969",
                            "ingress.#": "4",
                            "ingress.2214680975.cidr_blocks.#": "1",
                            "ingress.2214680975.cidr_blocks.0": "0.0.0.0/0",
                            "ingress.2214680975.from_port": "80",
                            "ingress.2214680975.protocol": "tcp",
                            "ingress.2214680975.security_groups.#": "0",
                            "ingress.2214680975.self": "false",
                            "ingress.2214680975.to_port": "80",
                            "ingress.23082536.cidr_blocks.#": "1",
                            "ingress.23082536.cidr_blocks.0": "10.200.50.0/23",
                            "ingress.23082536.from_port": "0",
                            "ingress.23082536.protocol": "-1",
                            "ingress.23082536.security_groups.#": "0",
                            "ingress.23082536.self": "false",
                            "ingress.23082536.to_port": "0",
                            "ingress.2541437006.cidr_blocks.#": "1",
                            "ingress.2541437006.cidr_blocks.0": "0.0.0.0/0",
                            "ingress.2541437006.from_port": "22",
                            "ingress.2541437006.protocol": "tcp",
                            "ingress.2541437006.security_groups.#": "0",
                            "ingress.2541437006.self": "false",
                            "ingress.2541437006.to_port": "22",
                            "ingress.2617001939.cidr_blocks.#": "1",
                            "ingress.2617001939.cidr_blocks.0": "0.0.0.0/0",
                            "ingress.2617001939.from_port": "443",
                            "ingress.2617001939.protocol": "tcp",
                            "ingress.2617001939.security_groups.#": "0",
                            "ingress.2617001939.self": "false",
                            "ingress.2617001939.to_port": "443",
                            "name": "magnify-nat",
                            "owner_id": "510238803045",
                            "tags.%": "1",
                            "tags.Name": "magnify-nat-sg",
                            "vpc_id": "vpc-74290c13"
                        },
                        "meta": {},
                        "tainted": false
                    },
                    "deposed": [],
                    "provider": ""
                },
                "aws_subnet.microservice_privatesubnet.0": {
                    "type": "aws_subnet",
                    "depends_on": [
                        "aws_vpc.microservice_vpc"
                    ],
                    "primary": {
                        "id": "subnet-da24d0f7",
                        "attributes": {
                            "availability_zone": "us-east-1b",
                            "cidr_block": "10.200.51.0/25",
                            "id": "subnet-da24d0f7",
                            "map_public_ip_on_launch": "false",
                            "tags.%": "1",
                            "tags.Name": "magnify-us-east-1b-private",
                            "vpc_id": "vpc-74290c13"
                        },
                        "meta": {},
                        "tainted": false
                    },
                    "deposed": [],
                    "provider": ""
                },
                "aws_subnet.microservice_privatesubnet.1": {
                    "type": "aws_subnet",
                    "depends_on": [
                        "aws_vpc.microservice_vpc"
                    ],
                    "primary": {
                        "id": "subnet-1513b75c",
                        "attributes": {
                            "availability_zone": "us-east-1c",
                            "cidr_block": "10.200.51.128/25",
                            "id": "subnet-1513b75c",
                            "map_public_ip_on_launch": "false",
                            "tags.%": "1",
                            "tags.Name": "magnify-us-east-1c-private",
                            "vpc_id": "vpc-74290c13"
                        },
                        "meta": {},
                        "tainted": false
                    },
                    "deposed": [],
                    "provider": ""
                },
                "aws_subnet.microservice_publicsubnet.0": {
                    "type": "aws_subnet",
                    "depends_on": [
                        "aws_vpc.microservice_vpc"
                    ],
                    "primary": {
                        "id": "subnet-d524d0f8",
                        "attributes": {
                            "availability_zone": "us-east-1b",
                            "cidr_block": "10.200.50.0/25",
                            "id": "subnet-d524d0f8",
                            "map_public_ip_on_launch": "false",
                            "tags.%": "1",
                            "tags.Name": "magnify-us-east-1b-public",
                            "vpc_id": "vpc-74290c13"
                        },
                        "meta": {},
                        "tainted": false
                    },
                    "deposed": [],
                    "provider": ""
                },
                "aws_subnet.microservice_publicsubnet.1": {
                    "type": "aws_subnet",
                    "depends_on": [
                        "aws_vpc.microservice_vpc"
                    ],
                    "primary": {
                        "id": "subnet-1213b75b",
                        "attributes": {
                            "availability_zone": "us-east-1c",
                            "cidr_block": "10.200.50.128/25",
                            "id": "subnet-1213b75b",
                            "map_public_ip_on_launch": "false",
                            "tags.%": "1",
                            "tags.Name": "magnify-us-east-1c-public",
                            "vpc_id": "vpc-74290c13"
                        },
                        "meta": {},
                        "tainted": false
                    },
                    "deposed": [],
                    "provider": ""
                },
                "aws_vpc.microservice_vpc": {
                    "type": "aws_vpc",
                    "depends_on": [],
                    "primary": {
                        "id": "vpc-74290c13",
                        "attributes": {
                            "cidr_block": "10.200.50.0/23",
                            "default_network_acl_id": "acl-0d4f5c6a",
                            "default_route_table_id": "rtb-a152eac7",
                            "default_security_group_id": "sg-521f6928",
                            "dhcp_options_id": "dopt-1bf5b87f",
                            "enable_classiclink": "false",
                            "enable_dns_hostnames": "true",
                            "enable_dns_support": "true",
                            "id": "vpc-74290c13",
                            "instance_tenancy": "default",
                            "main_route_table_id": "rtb-a152eac7",
                            "tags.%": "1",
                            "tags.Name": "magnify"
                        },
                        "meta": {},
                        "tainted": false
                    },
                    "deposed": [],
                    "provider": ""
                }
            },
            "depends_on": []
        }
    ]
}
